{
  "object": {
    "pins": [
      {
        "package": "Data4LifeSDKUtils",
        "repositoryURL": "git@github.com:d4l-data4life/d4l-utils-ios.git",
        "state": {
          "branch": null,
          "revision": "d5d17317e9572e017f7c678c2f88e274a5f73a3e",
          "version": "0.4.0"
        }
      }
    ]
  },
  "version": 1
}
