{
  "object": {
    "pins": [
      {
        "package": "Data4LifeSDKUtils",
        "repositoryURL": "git@github.com:d4l-data4life/d4l-utils-ios.git",
        "state": {
          "branch": null,
          "revision": "d6b031cb237ddb424f66a3b197121afa23fb67c2",
          "version": "0.5.0"
        }
      }
    ]
  },
  "version": 1
}
