{
  "object": {
    "pins": [
      {
        "package": "Data4LifeSDKUtils",
        "repositoryURL": "https://github.com/d4l-data4life/d4l-utils-ios.git",
        "state": {
          "branch": null,
          "revision": "63a3036639bc715b0d7e0bb1753d3d478ddf6480",
          "version": "0.7.0"
        }
      }
    ]
  },
  "version": 1
}
